
Microsoft Visual Studio Solution File, Format Version 12.00
# Visual Studio Version 17
VisualStudioVersion = 17.14.36310.24 d17.14
MinimumVisualStudioVersion = 10.0.40219.1
Project("{FAE04EC0-301F-11D3-BF4B-00C04F79EFBC}") = "backend", "backend.csproj", "{1AC40C15-BB1F-468B-B452-3B5B7226581E}"
EndProject
Global
	GlobalSection(SolutionConfigurationPlatforms) = preSolution
		Debug|Any CPU = Debug|Any CPU
		Release|Any CPU = Release|Any CPU
	EndGlobalSection
	GlobalSection(ProjectConfigurationPlatforms) = postSolution
		{1AC40C15-BB1F-468B-B452-3B5B7226581E}.Debug|Any CPU.ActiveCfg = Debug|Any CPU
		{1AC40C15-BB1F-468B-B452-3B5B7226581E}.Debug|Any CPU.Build.0 = Debug|Any CPU
		{1AC40C15-BB1F-468B-B452-3B5B7226581E}.Release|Any CPU.ActiveCfg = Release|Any CPU
		{1AC40C15-BB1F-468B-B452-3B5B7226581E}.Release|Any CPU.Build.0 = Release|Any CPU
	EndGlobalSection
	GlobalSection(SolutionProperties) = preSolution
		HideSolutionNode = FALSE
	EndGlobalSection
	GlobalSection(ExtensibilityGlobals) = postSolution
		SolutionGuid = {563A7EF7-6E3D-459C-AB79-F5205611AE5C}
	EndGlobalSection
EndGlobal
